
Microsoft Visual Studio Solution File, Format Version 12.00
# Visual Studio Version 17
VisualStudioVersion = 17.10.35013.160
MinimumVisualStudioVersion = 10.0.40219.1
Project("{FAE04EC0-301F-11D3-BF4B-00C04F79EFBC}") = "ExercicioFor", "ExercicioFor\ExercicioFor.csproj", "{F3E295DB-22D8-4051-842E-FFF33BF3B825}"
EndProject
Global
	GlobalSection(SolutionConfigurationPlatforms) = preSolution
		Debug|Any CPU = Debug|Any CPU
		Release|Any CPU = Release|Any CPU
	EndGlobalSection
	GlobalSection(ProjectConfigurationPlatforms) = postSolution
		{F3E295DB-22D8-4051-842E-FFF33BF3B825}.Debug|Any CPU.ActiveCfg = Debug|Any CPU
		{F3E295DB-22D8-4051-842E-FFF33BF3B825}.Debug|Any CPU.Build.0 = Debug|Any CPU
		{F3E295DB-22D8-4051-842E-FFF33BF3B825}.Release|Any CPU.ActiveCfg = Release|Any CPU
		{F3E295DB-22D8-4051-842E-FFF33BF3B825}.Release|Any CPU.Build.0 = Release|Any CPU
	EndGlobalSection
	GlobalSection(SolutionProperties) = preSolution
		HideSolutionNode = FALSE
	EndGlobalSection
	GlobalSection(ExtensibilityGlobals) = postSolution
		SolutionGuid = {C30468DF-F132-4286-A900-68B362CE4144}
	EndGlobalSection
EndGlobal
