
Microsoft Visual Studio Solution File, Format Version 12.00
# Visual Studio Version 17
VisualStudioVersion = 17.10.35013.160
MinimumVisualStudioVersion = 10.0.40219.1
Project("{FAE04EC0-301F-11D3-BF4B-00C04F79EFBC}") = "ExerciciosPropostos2", "ExerciciosPropostos2\ExerciciosPropostos2.csproj", "{DCA10C78-F2EF-48F1-9D9A-4633F49164C9}"
EndProject
Global
	GlobalSection(SolutionConfigurationPlatforms) = preSolution
		Debug|Any CPU = Debug|Any CPU
		Release|Any CPU = Release|Any CPU
	EndGlobalSection
	GlobalSection(ProjectConfigurationPlatforms) = postSolution
		{DCA10C78-F2EF-48F1-9D9A-4633F49164C9}.Debug|Any CPU.ActiveCfg = Debug|Any CPU
		{DCA10C78-F2EF-48F1-9D9A-4633F49164C9}.Debug|Any CPU.Build.0 = Debug|Any CPU
		{DCA10C78-F2EF-48F1-9D9A-4633F49164C9}.Release|Any CPU.ActiveCfg = Release|Any CPU
		{DCA10C78-F2EF-48F1-9D9A-4633F49164C9}.Release|Any CPU.Build.0 = Release|Any CPU
	EndGlobalSection
	GlobalSection(SolutionProperties) = preSolution
		HideSolutionNode = FALSE
	EndGlobalSection
	GlobalSection(ExtensibilityGlobals) = postSolution
		SolutionGuid = {B4DAC9FC-9A35-46FF-8D5F-F277E680FD76}
	EndGlobalSection
EndGlobal
